
Microsoft Visual Studio Solution File, Format Version 12.00
# Visual Studio Version 16
VisualStudioVersion = 16.0.30317.65
MinimumVisualStudioVersion = 10.0.40219.1
Project("{9A19103F-16F7-4668-BE54-9A1E7A4F7556}") = "BlazorWasmTodoList", "BlazorWasmTodoList.csproj", "{FBB44349-C415-48B4-AA9B-E8E1381B1296}"
EndProject
Global
	GlobalSection(SolutionConfigurationPlatforms) = preSolution
		Debug|Any CPU = Debug|Any CPU
		Release|Any CPU = Release|Any CPU
	EndGlobalSection
	GlobalSection(ProjectConfigurationPlatforms) = postSolution
		{FBB44349-C415-48B4-AA9B-E8E1381B1296}.Debug|Any CPU.ActiveCfg = Debug|Any CPU
		{FBB44349-C415-48B4-AA9B-E8E1381B1296}.Debug|Any CPU.Build.0 = Debug|Any CPU
		{FBB44349-C415-48B4-AA9B-E8E1381B1296}.Release|Any CPU.ActiveCfg = Release|Any CPU
		{FBB44349-C415-48B4-AA9B-E8E1381B1296}.Release|Any CPU.Build.0 = Release|Any CPU
	EndGlobalSection
	GlobalSection(SolutionProperties) = preSolution
		HideSolutionNode = FALSE
	EndGlobalSection
	GlobalSection(ExtensibilityGlobals) = postSolution
		SolutionGuid = {5018178C-59A6-4BEE-AB13-C0CED57A885A}
	EndGlobalSection
EndGlobal
